
Microsoft Visual Studio Solution File, Format Version 12.00
# Visual Studio Version 17
VisualStudioVersion = 17.0.31903.59
MinimumVisualStudioVersion = 10.0.40219.1
Project("{FAE04EC0-301F-11D3-BF4B-00C04F79EFBC}") = "AciPlatform.Api", "AciPlatform.Api\AciPlatform.Api.csproj", "{5DAF8675-40D4-4E4D-A75F-9A0708A36DD7}"
EndProject
Project("{FAE04EC0-301F-11D3-BF4B-00C04F79EFBC}") = "AciPlatform.Application", "AciPlatform.Application\AciPlatform.Application.csproj", "{92984A2F-8E6E-4EB5-8472-3817BF39A07F}"
EndProject
Project("{FAE04EC0-301F-11D3-BF4B-00C04F79EFBC}") = "AciPlatform.Domain", "AciPlatform.Domain\AciPlatform.Domain.csproj", "{ADD4741D-F1A0-4947-B793-F3C375DF3069}"
EndProject
Project("{FAE04EC0-301F-11D3-BF4B-00C04F79EFBC}") = "AciPlatform.Infrastructure", "AciPlatform.Infrastructure\AciPlatform.Infrastructure.csproj", "{19CF3ED1-2D44-4815-A225-6349303A9246}"
EndProject
Global
	GlobalSection(SolutionConfigurationPlatforms) = preSolution
		Debug|Any CPU = Debug|Any CPU
		Debug|x64 = Debug|x64
		Debug|x86 = Debug|x86
		Release|Any CPU = Release|Any CPU
		Release|x64 = Release|x64
		Release|x86 = Release|x86
	EndGlobalSection
	GlobalSection(ProjectConfigurationPlatforms) = postSolution
		{5DAF8675-40D4-4E4D-A75F-9A0708A36DD7}.Debug|Any CPU.ActiveCfg = Debug|Any CPU
		{5DAF8675-40D4-4E4D-A75F-9A0708A36DD7}.Debug|Any CPU.Build.0 = Debug|Any CPU
		{5DAF8675-40D4-4E4D-A75F-9A0708A36DD7}.Debug|x64.ActiveCfg = Debug|Any CPU
		{5DAF8675-40D4-4E4D-A75F-9A0708A36DD7}.Debug|x64.Build.0 = Debug|Any CPU
		{5DAF8675-40D4-4E4D-A75F-9A0708A36DD7}.Debug|x86.ActiveCfg = Debug|Any CPU
		{5DAF8675-40D4-4E4D-A75F-9A0708A36DD7}.Debug|x86.Build.0 = Debug|Any CPU
		{5DAF8675-40D4-4E4D-A75F-9A0708A36DD7}.Release|Any CPU.ActiveCfg = Release|Any CPU
		{5DAF8675-40D4-4E4D-A75F-9A0708A36DD7}.Release|Any CPU.Build.0 = Release|Any CPU
		{5DAF8675-40D4-4E4D-A75F-9A0708A36DD7}.Release|x64.ActiveCfg = Release|Any CPU
		{5DAF8675-40D4-4E4D-A75F-9A0708A36DD7}.Release|x64.Build.0 = Release|Any CPU
		{5DAF8675-40D4-4E4D-A75F-9A0708A36DD7}.Release|x86.ActiveCfg = Release|Any CPU
		{5DAF8675-40D4-4E4D-A75F-9A0708A36DD7}.Release|x86.Build.0 = Release|Any CPU
		{92984A2F-8E6E-4EB5-8472-3817BF39A07F}.Debug|Any CPU.ActiveCfg = Debug|Any CPU
		{92984A2F-8E6E-4EB5-8472-3817BF39A07F}.Debug|Any CPU.Build.0 = Debug|Any CPU
		{92984A2F-8E6E-4EB5-8472-3817BF39A07F}.Debug|x64.ActiveCfg = Debug|Any CPU
		{92984A2F-8E6E-4EB5-8472-3817BF39A07F}.Debug|x64.Build.0 = Debug|Any CPU
		{92984A2F-8E6E-4EB5-8472-3817BF39A07F}.Debug|x86.ActiveCfg = Debug|Any CPU
		{92984A2F-8E6E-4EB5-8472-3817BF39A07F}.Debug|x86.Build.0 = Debug|Any CPU
		{92984A2F-8E6E-4EB5-8472-3817BF39A07F}.Release|Any CPU.ActiveCfg = Release|Any CPU
		{92984A2F-8E6E-4EB5-8472-3817BF39A07F}.Release|Any CPU.Build.0 = Release|Any CPU
		{92984A2F-8E6E-4EB5-8472-3817BF39A07F}.Release|x64.ActiveCfg = Release|Any CPU
		{92984A2F-8E6E-4EB5-8472-3817BF39A07F}.Release|x64.Build.0 = Release|Any CPU
		{92984A2F-8E6E-4EB5-8472-3817BF39A07F}.Release|x86.ActiveCfg = Release|Any CPU
		{92984A2F-8E6E-4EB5-8472-3817BF39A07F}.Release|x86.Build.0 = Release|Any CPU
		{ADD4741D-F1A0-4947-B793-F3C375DF3069}.Debug|Any CPU.ActiveCfg = Debug|Any CPU
		{ADD4741D-F1A0-4947-B793-F3C375DF3069}.Debug|Any CPU.Build.0 = Debug|Any CPU
		{ADD4741D-F1A0-4947-B793-F3C375DF3069}.Debug|x64.ActiveCfg = Debug|Any CPU
		{ADD4741D-F1A0-4947-B793-F3C375DF3069}.Debug|x64.Build.0 = Debug|Any CPU
		{ADD4741D-F1A0-4947-B793-F3C375DF3069}.Debug|x86.ActiveCfg = Debug|Any CPU
		{ADD4741D-F1A0-4947-B793-F3C375DF3069}.Debug|x86.Build.0 = Debug|Any CPU
		{ADD4741D-F1A0-4947-B793-F3C375DF3069}.Release|Any CPU.ActiveCfg = Release|Any CPU
		{ADD4741D-F1A0-4947-B793-F3C375DF3069}.Release|Any CPU.Build.0 = Release|Any CPU
		{ADD4741D-F1A0-4947-B793-F3C375DF3069}.Release|x64.ActiveCfg = Release|Any CPU
		{ADD4741D-F1A0-4947-B793-F3C375DF3069}.Release|x64.Build.0 = Release|Any CPU
		{ADD4741D-F1A0-4947-B793-F3C375DF3069}.Release|x86.ActiveCfg = Release|Any CPU
		{ADD4741D-F1A0-4947-B793-F3C375DF3069}.Release|x86.Build.0 = Release|Any CPU
		{19CF3ED1-2D44-4815-A225-6349303A9246}.Debug|Any CPU.ActiveCfg = Debug|Any CPU
		{19CF3ED1-2D44-4815-A225-6349303A9246}.Debug|Any CPU.Build.0 = Debug|Any CPU
		{19CF3ED1-2D44-4815-A225-6349303A9246}.Debug|x64.ActiveCfg = Debug|Any CPU
		{19CF3ED1-2D44-4815-A225-6349303A9246}.Debug|x64.Build.0 = Debug|Any CPU
		{19CF3ED1-2D44-4815-A225-6349303A9246}.Debug|x86.ActiveCfg = Debug|Any CPU
		{19CF3ED1-2D44-4815-A225-6349303A9246}.Debug|x86.Build.0 = Debug|Any CPU
		{19CF3ED1-2D44-4815-A225-6349303A9246}.Release|Any CPU.ActiveCfg = Release|Any CPU
		{19CF3ED1-2D44-4815-A225-6349303A9246}.Release|Any CPU.Build.0 = Release|Any CPU
		{19CF3ED1-2D44-4815-A225-6349303A9246}.Release|x64.ActiveCfg = Release|Any CPU
		{19CF3ED1-2D44-4815-A225-6349303A9246}.Release|x64.Build.0 = Release|Any CPU
		{19CF3ED1-2D44-4815-A225-6349303A9246}.Release|x86.ActiveCfg = Release|Any CPU
		{19CF3ED1-2D44-4815-A225-6349303A9246}.Release|x86.Build.0 = Release|Any CPU
	EndGlobalSection
	GlobalSection(SolutionProperties) = preSolution
		HideSolutionNode = FALSE
	EndGlobalSection
EndGlobal
